
Microsoft Visual Studio Solution File, Format Version 12.00
# Visual Studio Version 17
VisualStudioVersion = 17.5.33502.453
MinimumVisualStudioVersion = 10.0.40219.1
Project("{FAE04EC0-301F-11D3-BF4B-00C04F79EFBC}") = "Clase 3 - Actividad 2", "Clase 3 - Actividad 2\Clase 3 - Actividad 2.csproj", "{9B6830D1-7C5D-4873-9E5D-AE1C13569DE7}"
EndProject
Global
	GlobalSection(SolutionConfigurationPlatforms) = preSolution
		Debug|Any CPU = Debug|Any CPU
		Release|Any CPU = Release|Any CPU
	EndGlobalSection
	GlobalSection(ProjectConfigurationPlatforms) = postSolution
		{9B6830D1-7C5D-4873-9E5D-AE1C13569DE7}.Debug|Any CPU.ActiveCfg = Debug|Any CPU
		{9B6830D1-7C5D-4873-9E5D-AE1C13569DE7}.Debug|Any CPU.Build.0 = Debug|Any CPU
		{9B6830D1-7C5D-4873-9E5D-AE1C13569DE7}.Release|Any CPU.ActiveCfg = Release|Any CPU
		{9B6830D1-7C5D-4873-9E5D-AE1C13569DE7}.Release|Any CPU.Build.0 = Release|Any CPU
	EndGlobalSection
	GlobalSection(SolutionProperties) = preSolution
		HideSolutionNode = FALSE
	EndGlobalSection
	GlobalSection(ExtensibilityGlobals) = postSolution
		SolutionGuid = {CC1A6E01-10E1-4606-A97B-039EC983183E}
	EndGlobalSection
EndGlobal
